
Microsoft Visual Studio Solution File, Format Version 12.00
# Visual Studio Version 16
VisualStudioVersion = 16.0.30011.22
MinimumVisualStudioVersion = 10.0.40219.1
Project("{8BC9CEB8-8B4A-11D0-8D11-00A0C91BC942}") = "multiplayer-game-book", "multiplayer-game-book\multiplayer-game-book.vcxproj", "{84F11B9A-5A7C-46D4-B3CF-9AAA3B5E75F7}"
EndProject
Global
	GlobalSection(SolutionConfigurationPlatforms) = preSolution
		Debug|x64 = Debug|x64
		Debug|x86 = Debug|x86
		Release|x64 = Release|x64
		Release|x86 = Release|x86
	EndGlobalSection
	GlobalSection(ProjectConfigurationPlatforms) = postSolution
		{84F11B9A-5A7C-46D4-B3CF-9AAA3B5E75F7}.Debug|x64.ActiveCfg = Debug|x64
		{84F11B9A-5A7C-46D4-B3CF-9AAA3B5E75F7}.Debug|x64.Build.0 = Debug|x64
		{84F11B9A-5A7C-46D4-B3CF-9AAA3B5E75F7}.Debug|x86.ActiveCfg = Debug|Win32
		{84F11B9A-5A7C-46D4-B3CF-9AAA3B5E75F7}.Debug|x86.Build.0 = Debug|Win32
		{84F11B9A-5A7C-46D4-B3CF-9AAA3B5E75F7}.Release|x64.ActiveCfg = Release|x64
		{84F11B9A-5A7C-46D4-B3CF-9AAA3B5E75F7}.Release|x64.Build.0 = Release|x64
		{84F11B9A-5A7C-46D4-B3CF-9AAA3B5E75F7}.Release|x86.ActiveCfg = Release|Win32
		{84F11B9A-5A7C-46D4-B3CF-9AAA3B5E75F7}.Release|x86.Build.0 = Release|Win32
	EndGlobalSection
	GlobalSection(SolutionProperties) = preSolution
		HideSolutionNode = FALSE
	EndGlobalSection
	GlobalSection(ExtensibilityGlobals) = postSolution
		SolutionGuid = {A6814612-8878-4D0A-882C-0B86899AECD7}
	EndGlobalSection
EndGlobal
